{
  "lockfileVersion": 1,
  "configVersion": 1,
  "workspaces": {
    "": {
      "name": "kcg-code-translator",
      "dependencies": {
        "@napi-rs/canvas": "latest",
        "discord.js": "latest",
      },
      "devDependencies": {
        "@tsconfig/bun": "latest",
        "@tsconfig/strictest": "latest",
        "@types/bun": "latest",
        "oxlint": "latest",
        "prettier": "latest",
        "typescript": "latest",
      },
    },
  },
  "packages": {
    "@discordjs/builders": ["@discordjs/builders@1.13.1", "", { "dependencies": { "@discordjs/formatters": "^0.6.2", "@discordjs/util": "^1.2.0", "@sapphire/shapeshift": "^4.0.0", "discord-api-types": "^0.38.33", "fast-deep-equal": "^3.1.3", "ts-mixer": "^6.0.4", "tslib": "^2.6.3" } }, "sha512-cOU0UDHc3lp/5nKByDxkmRiNZBpdp0kx55aarbiAfakfKJHlxv/yFW1zmIqCAmwH5CRlrH9iMFKJMpvW4DPB+w=="],

    "@discordjs/collection": ["@discordjs/collection@1.5.3", "", {}, "sha512-SVb428OMd3WO1paV3rm6tSjM4wC+Kecaa1EUGX7vc6/fddvw/6lg90z4QtCqm21zvVe92vMMDt9+DkIvjXImQQ=="],

    "@discordjs/formatters": ["@discordjs/formatters@0.6.2", "", { "dependencies": { "discord-api-types": "^0.38.33" } }, "sha512-y4UPwWhH6vChKRkGdMB4odasUbHOUwy7KL+OVwF86PvT6QVOwElx+TiI1/6kcmcEe+g5YRXJFiXSXUdabqZOvQ=="],

    "@discordjs/rest": ["@discordjs/rest@2.6.0", "", { "dependencies": { "@discordjs/collection": "^2.1.1", "@discordjs/util": "^1.1.1", "@sapphire/async-queue": "^1.5.3", "@sapphire/snowflake": "^3.5.3", "@vladfrangu/async_event_emitter": "^2.4.6", "discord-api-types": "^0.38.16", "magic-bytes.js": "^1.10.0", "tslib": "^2.6.3", "undici": "6.21.3" } }, "sha512-RDYrhmpB7mTvmCKcpj+pc5k7POKszS4E2O9TYc+U+Y4iaCP+r910QdO43qmpOja8LRr1RJ0b3U+CqVsnPqzf4w=="],

    "@discordjs/util": ["@discordjs/util@1.2.0", "", { "dependencies": { "discord-api-types": "^0.38.33" } }, "sha512-3LKP7F2+atl9vJFhaBjn4nOaSWahZ/yWjOvA4e5pnXkt2qyXRCHLxoBQy81GFtLGCq7K9lPm9R517M1U+/90Qg=="],

    "@discordjs/ws": ["@discordjs/ws@1.2.3", "", { "dependencies": { "@discordjs/collection": "^2.1.0", "@discordjs/rest": "^2.5.1", "@discordjs/util": "^1.1.0", "@sapphire/async-queue": "^1.5.2", "@types/ws": "^8.5.10", "@vladfrangu/async_event_emitter": "^2.2.4", "discord-api-types": "^0.38.1", "tslib": "^2.6.2", "ws": "^8.17.0" } }, "sha512-wPlQDxEmlDg5IxhJPuxXr3Vy9AjYq5xCvFWGJyD7w7Np8ZGu+Mc+97LCoEc/+AYCo2IDpKioiH0/c/mj5ZR9Uw=="],

    "@napi-rs/canvas": ["@napi-rs/canvas@0.1.87", "", { "optionalDependencies": { "@napi-rs/canvas-android-arm64": "0.1.87", "@napi-rs/canvas-darwin-arm64": "0.1.87", "@napi-rs/canvas-darwin-x64": "0.1.87", "@napi-rs/canvas-linux-arm-gnueabihf": "0.1.87", "@napi-rs/canvas-linux-arm64-gnu": "0.1.87", "@napi-rs/canvas-linux-arm64-musl": "0.1.87", "@napi-rs/canvas-linux-riscv64-gnu": "0.1.87", "@napi-rs/canvas-linux-x64-gnu": "0.1.87", "@napi-rs/canvas-linux-x64-musl": "0.1.87", "@napi-rs/canvas-win32-arm64-msvc": "0.1.87", "@napi-rs/canvas-win32-x64-msvc": "0.1.87" } }, "sha512-Zb5tePmPMOYBcuNW3NQaVM1sIkvIfel39euiOab/XMjC5Oc/AnPJLa/BacJcToGyIvehecS6eqcsF7i0Wqe1Sw=="],

    "@napi-rs/canvas-android-arm64": ["@napi-rs/canvas-android-arm64@0.1.87", "", { "os": "android", "cpu": "arm64" }, "sha512-uW7NxJXPvZft9fers4oBhdCsBRVe77DLQS3eXEOxndFzGKiwmjIbZpQqj4QPvrg3I0FM3UfHatz1+17P5SeCOQ=="],

    "@napi-rs/canvas-darwin-arm64": ["@napi-rs/canvas-darwin-arm64@0.1.87", "", { "os": "darwin", "cpu": "arm64" }, "sha512-S6YbpXwajDKLTsYftEqR+Ne1lHpeC78okI3IqctVdFexN31Taprn6mdV4CkPY/4S8eGNuReBHvXNyWbGqBZ1eQ=="],

    "@napi-rs/canvas-darwin-x64": ["@napi-rs/canvas-darwin-x64@0.1.87", "", { "os": "darwin", "cpu": "x64" }, "sha512-OJLwP2WIUmRSqWTyV/NZ2TnvBzUsbNqQu6IL7oshwfxYg4BELPV279wrfQ/xZFqzr7wybfIzKaPF4du5ZdA2Cg=="],

    "@napi-rs/canvas-linux-arm-gnueabihf": ["@napi-rs/canvas-linux-arm-gnueabihf@0.1.87", "", { "os": "linux", "cpu": "arm" }, "sha512-Io3tY6ogc+oyvIGK9rQlnfH4gKiS35P7W6s22x3WCrLFR0dXzZP2IBBoEFEHd6FY6FR1ky5u9cRmADaiLRdX3g=="],

    "@napi-rs/canvas-linux-arm64-gnu": ["@napi-rs/canvas-linux-arm64-gnu@0.1.87", "", { "os": "linux", "cpu": "arm64" }, "sha512-Zq7h/PQzs37gaSR/gNRZOAaCC1kGt6NmDjA1PcqpONITh/rAfAwAeP98emrbBJ4FDoPkYRkxmxHlmXNLlsQIBw=="],

    "@napi-rs/canvas-linux-arm64-musl": ["@napi-rs/canvas-linux-arm64-musl@0.1.87", "", { "os": "linux", "cpu": "arm64" }, "sha512-CUa5YJjpsFcUxJbtfoQ4bqO/Rq+JU/2RfTNFxx07q1AjuDjCM8+MOOLCvVOV1z3qhl6nKAtjJT0pA0J8EbnK8Q=="],

    "@napi-rs/canvas-linux-riscv64-gnu": ["@napi-rs/canvas-linux-riscv64-gnu@0.1.87", "", { "os": "linux", "cpu": "none" }, "sha512-5KM4dBFEzFMNkJV2rheIQWpd+mRZA7VNDnxTT7nsCEf6DUjUnf6Hssq9bAwjVYTe4jqraDHbWRbF4uXLBLRFJg=="],

    "@napi-rs/canvas-linux-x64-gnu": ["@napi-rs/canvas-linux-x64-gnu@0.1.87", "", { "os": "linux", "cpu": "x64" }, "sha512-zSv+ozz9elT5YhocyogX5LwVYURChO4QGD6CQIW6OnuNA0UOMDD/b4wDzlJiMphISy3EVTntlKFhe4W3EuKcxw=="],

    "@napi-rs/canvas-linux-x64-musl": ["@napi-rs/canvas-linux-x64-musl@0.1.87", "", { "os": "linux", "cpu": "x64" }, "sha512-jTNmicAZQ70X+cbjZz6G6w8lmORwxRBmj/U20ECNYvcWVLshgyCKWPFL2I0Z6pkJve0vZWls6oZ15iccm1sv8w=="],

    "@napi-rs/canvas-win32-arm64-msvc": ["@napi-rs/canvas-win32-arm64-msvc@0.1.87", "", { "os": "win32", "cpu": "arm64" }, "sha512-p6J7UNAxKHYc7AL0glEtYuW/E0OLLUNnLti8dA2OT51p08Il4T7yZCl+iNo6f73HntFP+dgOHh2cTXUhmk8GuA=="],

    "@napi-rs/canvas-win32-x64-msvc": ["@napi-rs/canvas-win32-x64-msvc@0.1.87", "", { "os": "win32", "cpu": "x64" }, "sha512-WrwfETMLBRFWkGU8fXU50gCpA2eIjR4NE9JyTKl86Kz5g6SDp0CcuqS2phYtB66TI2HDUhTPbNrk4V7Qf1FOLA=="],

    "@oxlint/darwin-arm64": ["@oxlint/darwin-arm64@1.35.0", "", { "os": "darwin", "cpu": "arm64" }, "sha512-ieiYVHkNZPo77Hgrxav595wGS4rRNKuDNrljf+4xhwpJsddrxMpM64IQUf2IvR3MhK4FxdGzhhB6OVmGVHY5/w=="],

    "@oxlint/darwin-x64": ["@oxlint/darwin-x64@1.35.0", "", { "os": "darwin", "cpu": "x64" }, "sha512-1jNHu3j66X5jKySvgtE+jGtjx4ye+xioAucVTi2IuROZO6keK2YG74pnD+9FT+DpWZAtWRZGoW0r0x6aN9sEEg=="],

    "@oxlint/linux-arm64-gnu": ["@oxlint/linux-arm64-gnu@1.35.0", "", { "os": "linux", "cpu": "arm64" }, "sha512-T1lc0UaYbTxZyqVpLfC7eipbauNG8pBpkaZEW4JGz8Y68rxTH7d9s+CF0zxUxNr5RCtcmT669RLVjQT7VrKVLg=="],

    "@oxlint/linux-arm64-musl": ["@oxlint/linux-arm64-musl@1.35.0", "", { "os": "linux", "cpu": "arm64" }, "sha512-7Wv5Pke9kwWKFycUziSHsmi3EM0389TLzraB0KE/MArrKxx30ycwfJ5PYoMj9ERoW+Ybs0txdaOF/xJy/XyYkg=="],

    "@oxlint/linux-x64-gnu": ["@oxlint/linux-x64-gnu@1.35.0", "", { "os": "linux", "cpu": "x64" }, "sha512-HDMPOzyVVy+rQl3H7UOq8oGHt7m1yaiWCanlhAu4jciK8dvXeO9OG/OQd74lD/h05IcJh93pCLEJ3wWOG8hTiQ=="],

    "@oxlint/linux-x64-musl": ["@oxlint/linux-x64-musl@1.35.0", "", { "os": "linux", "cpu": "x64" }, "sha512-kAPBBsUOM3HQQ6n3nnZauvFR9EoXqCSoj4O3OSXXarzsRTiItNrHabVUwxeswZEc+xMzQNR0FHEWg/d4QAAWLw=="],

    "@oxlint/win32-arm64": ["@oxlint/win32-arm64@1.35.0", "", { "os": "win32", "cpu": "arm64" }, "sha512-qrpBkkOASS0WT8ra9xmBRXOEliN6D/MV9JhI/68lFHrtLhfFuRwg4AjzjxrCWrQCnQ0WkvAVpJzu73F4ICLYZw=="],

    "@oxlint/win32-x64": ["@oxlint/win32-x64@1.35.0", "", { "os": "win32", "cpu": "x64" }, "sha512-yPFcj6umrhusnG/kMS5wh96vblsqZ0kArQJS+7kEOSJDrH+DsFWaDCsSRF8U6gmSmZJ26KVMU3C3TMpqDN4M1g=="],

    "@sapphire/async-queue": ["@sapphire/async-queue@1.5.5", "", {}, "sha512-cvGzxbba6sav2zZkH8GPf2oGk9yYoD5qrNWdu9fRehifgnFZJMV+nuy2nON2roRO4yQQ+v7MK/Pktl/HgfsUXg=="],

    "@sapphire/shapeshift": ["@sapphire/shapeshift@4.0.0", "", { "dependencies": { "fast-deep-equal": "^3.1.3", "lodash": "^4.17.21" } }, "sha512-d9dUmWVA7MMiKobL3VpLF8P2aeanRTu6ypG2OIaEv/ZHH/SUQ2iHOVyi5wAPjQ+HmnMuL0whK9ez8I/raWbtIg=="],

    "@sapphire/snowflake": ["@sapphire/snowflake@3.5.3", "", {}, "sha512-jjmJywLAFoWeBi1W7994zZyiNWPIiqRRNAmSERxyg93xRGzNYvGjlZ0gR6x0F4gPRi2+0O6S71kOZYyr3cxaIQ=="],

    "@tsconfig/bun": ["@tsconfig/bun@1.0.10", "", {}, "sha512-5AV5YknQjNyoYzZ/8NG0dawqew/wH+x7ANiCfCIn29qo0cdbd1EryvFD1k5NSZWLBMOI/fGqMIaxi58GPIP9Cg=="],

    "@tsconfig/strictest": ["@tsconfig/strictest@2.0.8", "", {}, "sha512-XnQ7vNz5HRN0r88GYf1J9JJjqtZPiHt2woGJOo2dYqyHGGcd6OLGqSlBB6p1j9mpzja6Oe5BoPqWmeDx6X9rLw=="],

    "@types/bun": ["@types/bun@1.3.5", "", { "dependencies": { "bun-types": "1.3.5" } }, "sha512-RnygCqNrd3srIPEWBd5LFeUYG7plCoH2Yw9WaZGyNmdTEei+gWaHqydbaIRkIkcbXwhBT94q78QljxN0Sk838w=="],

    "@types/node": ["@types/node@25.0.3", "", { "dependencies": { "undici-types": "~7.16.0" } }, "sha512-W609buLVRVmeW693xKfzHeIV6nJGGz98uCPfeXI1ELMLXVeKYZ9m15fAMSaUPBHYLGFsVRcMmSCksQOrZV9BYA=="],

    "@types/ws": ["@types/ws@8.18.1", "", { "dependencies": { "@types/node": "*" } }, "sha512-ThVF6DCVhA8kUGy+aazFQ4kXQ7E1Ty7A3ypFOe0IcJV8O/M511G99AW24irKrW56Wt44yG9+ij8FaqoBGkuBXg=="],

    "@vladfrangu/async_event_emitter": ["@vladfrangu/async_event_emitter@2.4.7", "", {}, "sha512-Xfe6rpCTxSxfbswi/W/Pz7zp1WWSNn4A0eW4mLkQUewCrXXtMj31lCg+iQyTkh/CkusZSq9eDflu7tjEDXUY6g=="],

    "bun-types": ["bun-types@1.3.5", "", { "dependencies": { "@types/node": "*" } }, "sha512-inmAYe2PFLs0SUbFOWSVD24sg1jFlMPxOjOSSCYqUgn4Hsc3rDc7dFvfVYjFPNHtov6kgUeulV4SxbuIV/stPw=="],

    "discord-api-types": ["discord-api-types@0.38.37", "", {}, "sha512-Cv47jzY1jkGkh5sv0bfHYqGgKOWO1peOrGMkDFM4UmaGMOTgOW8QSexhvixa9sVOiz8MnVOBryWYyw/CEVhj7w=="],

    "discord.js": ["discord.js@14.25.1", "", { "dependencies": { "@discordjs/builders": "^1.13.0", "@discordjs/collection": "1.5.3", "@discordjs/formatters": "^0.6.2", "@discordjs/rest": "^2.6.0", "@discordjs/util": "^1.2.0", "@discordjs/ws": "^1.2.3", "@sapphire/snowflake": "3.5.3", "discord-api-types": "^0.38.33", "fast-deep-equal": "3.1.3", "lodash.snakecase": "4.1.1", "magic-bytes.js": "^1.10.0", "tslib": "^2.6.3", "undici": "6.21.3" } }, "sha512-2l0gsPOLPs5t6GFZfQZKnL1OJNYFcuC/ETWsW4VtKVD/tg4ICa9x+jb9bkPffkMdRpRpuUaO/fKkHCBeiCKh8g=="],

    "fast-deep-equal": ["fast-deep-equal@3.1.3", "", {}, "sha512-f3qQ9oQy9j2AhBe/H9VC91wLmKBCCU/gDOnKNAYG5hswO7BLKj09Hc5HYNz9cGI++xlpDCIgDaitVs03ATR84Q=="],

    "lodash": ["lodash@4.17.21", "", {}, "sha512-v2kDEe57lecTulaDIuNTPy3Ry4gLGJ6Z1O3vE1krgXZNrsQ+LFTGHVxVjcXPs17LhbZVGedAJv8XZ1tvj5FvSg=="],

    "lodash.snakecase": ["lodash.snakecase@4.1.1", "", {}, "sha512-QZ1d4xoBHYUeuouhEq3lk3Uq7ldgyFXGBhg04+oRLnIz8o9T65Eh+8YdroUwn846zchkA9yDsDl5CVVaV2nqYw=="],

    "magic-bytes.js": ["magic-bytes.js@1.12.1", "", {}, "sha512-ThQLOhN86ZkJ7qemtVRGYM+gRgR8GEXNli9H/PMvpnZsE44Xfh3wx9kGJaldg314v85m+bFW6WBMaVHJc/c3zA=="],

    "oxlint": ["oxlint@1.35.0", "", { "optionalDependencies": { "@oxlint/darwin-arm64": "1.35.0", "@oxlint/darwin-x64": "1.35.0", "@oxlint/linux-arm64-gnu": "1.35.0", "@oxlint/linux-arm64-musl": "1.35.0", "@oxlint/linux-x64-gnu": "1.35.0", "@oxlint/linux-x64-musl": "1.35.0", "@oxlint/win32-arm64": "1.35.0", "@oxlint/win32-x64": "1.35.0" }, "peerDependencies": { "oxlint-tsgolint": ">=0.10.0" }, "optionalPeers": ["oxlint-tsgolint"], "bin": { "oxc_language_server": "bin/oxc_language_server", "oxlint": "bin/oxlint" } }, "sha512-QDX1aUgaiqznkGfTM2qHwva2wtKqhVoqPSVXrnPz+yLUhlNadikD3QRuRtppHl7WGuy3wG6nKAuR8lash3aWSg=="],

    "prettier": ["prettier@3.7.4", "", { "bin": { "prettier": "bin/prettier.cjs" } }, "sha512-v6UNi1+3hSlVvv8fSaoUbggEM5VErKmmpGA7Pl3HF8V6uKY7rvClBOJlH6yNwQtfTueNkGVpOv/mtWL9L4bgRA=="],

    "ts-mixer": ["ts-mixer@6.0.4", "", {}, "sha512-ufKpbmrugz5Aou4wcr5Wc1UUFWOLhq+Fm6qa6P0w0K5Qw2yhaUoiWszhCVuNQyNwrlGiscHOmqYoAox1PtvgjA=="],

    "tslib": ["tslib@2.8.1", "", {}, "sha512-oJFu94HQb+KVduSUQL7wnpmqnfmLsOA/nAh6b6EH0wCEoK0/mPeXU6c3wKDV83MkOuHPRHtSXKKU99IBazS/2w=="],

    "typescript": ["typescript@5.9.3", "", { "bin": { "tsc": "bin/tsc", "tsserver": "bin/tsserver" } }, "sha512-jl1vZzPDinLr9eUt3J/t7V6FgNEw9QjvBPdysz9KfQDD41fQrC2Y4vKQdiaUpFT4bXlb1RHhLpp8wtm6M5TgSw=="],

    "undici": ["undici@6.21.3", "", {}, "sha512-gBLkYIlEnSp8pFbT64yFgGE6UIB9tAkhukC23PmMDCe5Nd+cRqKxSjw5y54MK2AZMgZfJWMaNE4nYUHgi1XEOw=="],

    "undici-types": ["undici-types@7.16.0", "", {}, "sha512-Zz+aZWSj8LE6zoxD+xrjh4VfkIG8Ya6LvYkZqtUQGJPZjYl53ypCaUwWqo7eI0x66KBGeRo+mlBEkMSeSZ38Nw=="],

    "ws": ["ws@8.18.3", "", { "peerDependencies": { "bufferutil": "^4.0.1", "utf-8-validate": ">=5.0.2" }, "optionalPeers": ["bufferutil", "utf-8-validate"] }, "sha512-PEIGCY5tSlUt50cqyMXfCzX+oOPqN0vuGqWzbcJ2xvnkzkq46oOpz7dQaTDBdfICb4N14+GARUDw2XV2N4tvzg=="],

    "@discordjs/rest/@discordjs/collection": ["@discordjs/collection@2.1.1", "", {}, "sha512-LiSusze9Tc7qF03sLCujF5iZp7K+vRNEDBZ86FT9aQAv3vxMLihUvKvpsCWiQ2DJq1tVckopKm1rxomgNUc9hg=="],

    "@discordjs/ws/@discordjs/collection": ["@discordjs/collection@2.1.1", "", {}, "sha512-LiSusze9Tc7qF03sLCujF5iZp7K+vRNEDBZ86FT9aQAv3vxMLihUvKvpsCWiQ2DJq1tVckopKm1rxomgNUc9hg=="],
  }
}
